// !$*UTF8*$!
{
	archiveVersion = 1;
	classes = {
	};
	objectVersion = 50;
	objects = {

/* Begin PBXBuildFile section */
		2656834724BF3E36005D1430 /* AppDelegate.swift in Sources */ = {isa = PBXBuildFile; fileRef = 2656834624BF3E36005D1430 /* AppDelegate.swift */; };
		2656834924BF3E36005D1430 /* SceneDelegate.swift in Sources */ = {isa = PBXBuildFile; fileRef = 2656834824BF3E36005D1430 /* SceneDelegate.swift */; };
		2656834B24BF3E36005D1430 /* ViewController.swift in Sources */ = {isa = PBXBuildFile; fileRef = 2656834A24BF3E36005D1430 /* ViewController.swift */; };
		2656834E24BF3E36005D1430 /* Main.storyboard in Resources */ = {isa = PBXBuildFile; fileRef = 2656834C24BF3E36005D1430 /* Main.storyboard */; };
		2656835024BF3E37005D1430 /* Assets.xcassets in Resources */ = {isa = PBXBuildFile; fileRef = 2656834F24BF3E37005D1430 /* Assets.xcassets */; };
		2656835324BF3E37005D1430 /* LaunchScreen.storyboard in Resources */ = {isa = PBXBuildFile; fileRef = 2656835124BF3E37005D1430 /* LaunchScreen.storyboard */; };
		2656835E24BF3E37005D1430 /* iOS_Assignment_1Tests.swift in Sources */ = {isa = PBXBuildFile; fileRef = 2656835D24BF3E37005D1430 /* iOS_Assignment_1Tests.swift */; };
		2656836924BF3E37005D1430 /* iOS_Assignment_1UITests.swift in Sources */ = {isa = PBXBuildFile; fileRef = 2656836824BF3E37005D1430 /* iOS_Assignment_1UITests.swift */; };
/* End PBXBuildFile section */

/* Begin PBXContainerItemProxy section */
		2656835A24BF3E37005D1430 /* PBXContainerItemProxy */ = {
			isa = PBXContainerItemProxy;
			containerPortal = 2656833B24BF3E36005D1430 /* Project object */;
			proxyType = 1;
			remoteGlobalIDString = 2656834224BF3E36005D1430;
			remoteInfo = "iOS Assignment 1";
		};
		2656836524BF3E37005D1430 /* PBXContainerItemProxy */ = {
			isa = PBXContainerItemProxy;
			containerPortal = 2656833B24BF3E36005D1430 /* Project object */;
			proxyType = 1;
			remoteGlobalIDString = 2656834224BF3E36005D1430;
			remoteInfo = "iOS Assignment 1";
		};
/* End PBXContainerItemProxy section */

/* Begin PBXFileReference section */
		2656834324BF3E36005D1430 /* iOS Assignment 1.app */ = {isa = PBXFileReference; explicitFileType = wrapper.application; includeInIndex = 0; path = "iOS Assignment 1.app"; sourceTree = BUILT_PRODUCTS_DIR; };
		2656834624BF3E36005D1430 /* AppDelegate.swift */ = {isa = PBXFileReference; lastKnownFileType = sourcecode.swift; path = AppDelegate.swift; sourceTree = "<group>"; };
		2656834824BF3E36005D1430 /* SceneDelegate.swift */ = {isa = PBXFileReference; lastKnownFileType = sourcecode.swift; path = SceneDelegate.swift; sourceTree = "<group>"; };
		2656834A24BF3E36005D1430 /* ViewController.swift */ = {isa = PBXFileReference; lastKnownFileType = sourcecode.swift; path = ViewController.swift; sourceTree = "<group>"; };
		2656834D24BF3E36005D1430 /* Base */ = {isa = PBXFileReference; lastKnownFileType = file.storyboard; name = Base; path = Base.lproj/Main.storyboard; sourceTree = "<group>"; };
		2656834F24BF3E37005D1430 /* Assets.xcassets */ = {isa = PBXFileReference; lastKnownFileType = folder.assetcatalog; path = Assets.xcassets; sourceTree = "<group>"; };
		2656835224BF3E37005D1430 /* Base */ = {isa = PBXFileReference; lastKnownFileType = file.storyboard; name = Base; path = Base.lproj/LaunchScreen.storyboard; sourceTree = "<group>"; };
		2656835424BF3E37005D1430 /* Info.plist */ = {isa = PBXFileReference; lastKnownFileType = text.plist.xml; path = Info.plist; sourceTree = "<group>"; };
		2656835924BF3E37005D1430 /* iOS Assignment 1Tests.xctest */ = {isa = PBXFileReference; explicitFileType = wrapper.cfbundle; includeInIndex = 0; path = "iOS Assignment 1Tests.xctest"; sourceTree = BUILT_PRODUCTS_DIR; };
		2656835D24BF3E37005D1430 /* iOS_Assignment_1Tests.swift */ = {isa = PBXFileReference; lastKnownFileType = sourcecode.swift; path = iOS_Assignment_1Tests.swift; sourceTree = "<group>"; };
		2656835F24BF3E37005D1430 /* Info.plist */ = {isa = PBXFileReference; lastKnownFileType = text.plist.xml; path = Info.plist; sourceTree = "<group>"; };
		2656836424BF3E37005D1430 /* iOS Assignment 1UITests.xctest */ = {isa = PBXFileReference; explicitFileType = wrapper.cfbundle; includeInIndex = 0; path = "iOS Assignment 1UITests.xctest"; sourceTree = BUILT_PRODUCTS_DIR; };
		2656836824BF3E37005D1430 /* iOS_Assignment_1UITests.swift */ = {isa = PBXFileReference; lastKnownFileType = sourcecode.swift; path = iOS_Assignment_1UITests.swift; sourceTree = "<group>"; };
		2656836A24BF3E37005D1430 /* Info.plist */ = {isa = PBXFileReference; lastKnownFileType = text.plist.xml; path = Info.plist; sourceTree = "<group>"; };
/* End PBXFileReference section */

/* Begin PBXFrameworksBuildPhase section */
		2656834024BF3E36005D1430 /* Frameworks */ = {
			isa = PBXFrameworksBuildPhase;
			buildActionMask = 2147483647;
			files = (
			);
			runOnlyForDeploymentPostprocessing = 0;
		};
		2656835624BF3E37005D1430 /* Frameworks */ = {
			isa = PBXFrameworksBuildPhase;
			buildActionMask = 2147483647;
			files = (
			);
			runOnlyForDeploymentPostprocessing = 0;
		};
		2656836124BF3E37005D1430 /* Frameworks */ = {
			isa = PBXFrameworksBuildPhase;
			buildActionMask = 2147483647;
			files = (
			);
			runOnlyForDeploymentPostprocessing = 0;
		};
/* End PBXFrameworksBuildPhase section */

/* Begin PBXGroup section */
		2656833A24BF3E36005D1430 = {
			isa = PBXGroup;
			children = (
				2656834524BF3E36005D1430 /* iOS Assignment 1 */,
				2656835C24BF3E37005D1430 /* iOS Assignment 1Tests */,
				2656836724BF3E37005D1430 /* iOS Assignment 1UITests */,
				2656834424BF3E36005D1430 /* Products */,
			);
			sourceTree = "<group>";
		};
		2656834424BF3E36005D1430 /* Products */ = {
			isa = PBXGroup;
			children = (
				2656834324BF3E36005D1430 /* iOS Assignment 1.app */,
				2656835924BF3E37005D1430 /* iOS Assignment 1Tests.xctest */,
				2656836424BF3E37005D1430 /* iOS Assignment 1UITests.xctest */,
			);
			name = Products;
			sourceTree = "<group>";
		};
		2656834524BF3E36005D1430 /* iOS Assignment 1 */ = {
			isa = PBXGroup;
			children = (
				2656834624BF3E36005D1430 /* AppDelegate.swift */,
				2656834824BF3E36005D1430 /* SceneDelegate.swift */,
				2656834A24BF3E36005D1430 /* ViewController.swift */,
				2656834C24BF3E36005D1430 /* Main.storyboard */,
				2656834F24BF3E37005D1430 /* Assets.xcassets */,
				2656835124BF3E37005D1430 /* LaunchScreen.storyboard */,
				2656835424BF3E37005D1430 /* Info.plist */,
			);
			path = "iOS Assignment 1";
			sourceTree = "<group>";
		};
		2656835C24BF3E37005D1430 /* iOS Assignment 1Tests */ = {
			isa = PBXGroup;
			children = (
				2656835D24BF3E37005D1430 /* iOS_Assignment_1Tests.swift */,
				2656835F24BF3E37005D1430 /* Info.plist */,
			);
			path = "iOS Assignment 1Tests";
			sourceTree = "<group>";
		};
		2656836724BF3E37005D1430 /* iOS Assignment 1UITests */ = {
			isa = PBXGroup;
			children = (
				2656836824BF3E37005D1430 /* iOS_Assignment_1UITests.swift */,
				2656836A24BF3E37005D1430 /* Info.plist */,
			);
			path = "iOS Assignment 1UITests";
			sourceTree = "<group>";
		};
/* End PBXGroup section */

/* Begin PBXNativeTarget section */
		2656834224BF3E36005D1430 /* iOS Assignment 1 */ = {
			isa = PBXNativeTarget;
			buildConfigurationList = 2656836D24BF3E37005D1430 /* Build configuration list for PBXNativeTarget "iOS Assignment 1" */;
			buildPhases = (
				2656833F24BF3E36005D1430 /* Sources */,
				2656834024BF3E36005D1430 /* Frameworks */,
				2656834124BF3E36005D1430 /* Resources */,
			);
			buildRules = (
			);
			dependencies = (
			);
			name = "iOS Assignment 1";
			productName = "iOS Assignment 1";
			productReference = 2656834324BF3E36005D1430 /* iOS Assignment 1.app */;
			productType = "com.apple.product-type.application";
		};
		2656835824BF3E37005D1430 /* iOS Assignment 1Tests */ = {
			isa = PBXNativeTarget;
			buildConfigurationList = 2656837024BF3E37005D1430 /* Build configuration list for PBXNativeTarget "iOS Assignment 1Tests" */;
			buildPhases = (
				2656835524BF3E37005D1430 /* Sources */,
				2656835624BF3E37005D1430 /* Frameworks */,
				2656835724BF3E37005D1430 /* Resources */,
			);
			buildRules = (
			);
			dependencies = (
				2656835B24BF3E37005D1430 /* PBXTargetDependency */,
			);
			name = "iOS Assignment 1Tests";
			productName = "iOS Assignment 1Tests";
			productReference = 2656835924BF3E37005D1430 /* iOS Assignment 1Tests.xctest */;
			productType = "com.apple.product-type.bundle.unit-test";
		};
		2656836324BF3E37005D1430 /* iOS Assignment 1UITests */ = {
			isa = PBXNativeTarget;
			buildConfigurationList = 2656837324BF3E37005D1430 /* Build configuration list for PBXNativeTarget "iOS Assignment 1UITests" */;
			buildPhases = (
				2656836024BF3E37005D1430 /* Sources */,
				2656836124BF3E37005D1430 /* Frameworks */,
				2656836224BF3E37005D1430 /* Resources */,
			);
			buildRules = (
			);
			dependencies = (
				2656836624BF3E37005D1430 /* PBXTargetDependency */,
			);
			name = "iOS Assignment 1UITests";
			productName = "iOS Assignment 1UITests";
			productReference = 2656836424BF3E37005D1430 /* iOS Assignment 1UITests.xctest */;
			productType = "com.apple.product-type.bundle.ui-testing";
		};
/* End PBXNativeTarget section */

/* Begin PBXProject section */
		2656833B24BF3E36005D1430 /* Project object */ = {
			isa = PBXProject;
			attributes = {
				LastSwiftUpdateCheck = 1150;
				LastUpgradeCheck = 1150;
				ORGANIZATIONNAME = treCoops;
				TargetAttributes = {
					2656834224BF3E36005D1430 = {
						CreatedOnToolsVersion = 11.5;
					};
					2656835824BF3E37005D1430 = {
						CreatedOnToolsVersion = 11.5;
						TestTargetID = 2656834224BF3E36005D1430;
					};
					2656836324BF3E37005D1430 = {
						CreatedOnToolsVersion = 11.5;
						TestTargetID = 2656834224BF3E36005D1430;
					};
				};
			};
			buildConfigurationList = 2656833E24BF3E36005D1430 /* Build configuration list for PBXProject "iOS Assignment 1" */;
			compatibilityVersion = "Xcode 9.3";
			developmentRegion = en;
			hasScannedForEncodings = 0;
			knownRegions = (
				en,
				Base,
			);
			mainGroup = 2656833A24BF3E36005D1430;
			productRefGroup = 2656834424BF3E36005D1430 /* Products */;
			projectDirPath = "";
			projectRoot = "";
			targets = (
				2656834224BF3E36005D1430 /* iOS Assignment 1 */,
				2656835824BF3E37005D1430 /* iOS Assignment 1Tests */,
				2656836324BF3E37005D1430 /* iOS Assignment 1UITests */,
			);
		};
/* End PBXProject section */

/* Begin PBXResourcesBuildPhase section */
		2656834124BF3E36005D1430 /* Resources */ = {
			isa = PBXResourcesBuildPhase;
			buildActionMask = 2147483647;
			files = (
				2656835324BF3E37005D1430 /* LaunchScreen.storyboard in Resources */,
				2656835024BF3E37005D1430 /* Assets.xcassets in Resources */,
				2656834E24BF3E36005D1430 /* Main.storyboard in Resources */,
			);
			runOnlyForDeploymentPostprocessing = 0;
		};
		2656835724BF3E37005D1430 /* Resources */ = {
			isa = PBXResourcesBuildPhase;
			buildActionMask = 2147483647;
			files = (
			);
			runOnlyForDeploymentPostprocessing = 0;
		};
		2656836224BF3E37005D1430 /* Resources */ = {
			isa = PBXResourcesBuildPhase;
			buildActionMask = 2147483647;
			files = (
			);
			runOnlyForDeploymentPostprocessing = 0;
		};
/* End PBXResourcesBuildPhase section */

/* Begin PBXSourcesBuildPhase section */
		2656833F24BF3E36005D1430 /* Sources */ = {
			isa = PBXSourcesBuildPhase;
			buildActionMask = 2147483647;
			files = (
				2656834B24BF3E36005D1430 /* ViewController.swift in Sources */,
				2656834724BF3E36005D1430 /* AppDelegate.swift in Sources */,
				2656834924BF3E36005D1430 /* SceneDelegate.swift in Sources */,
			);
			runOnlyForDeploymentPostprocessing = 0;
		};
		2656835524BF3E37005D1430 /* Sources */ = {
			isa = PBXSourcesBuildPhase;
			buildActionMask = 2147483647;
			files = (
				2656835E24BF3E37005D1430 /* iOS_Assignment_1Tests.swift in Sources */,
			);
			runOnlyForDeploymentPostprocessing = 0;
		};
		2656836024BF3E37005D1430 /* Sources */ = {
			isa = PBXSourcesBuildPhase;
			buildActionMask = 2147483647;
			files = (
				2656836924BF3E37005D1430 /* iOS_Assignment_1UITests.swift in Sources */,
			);
			runOnlyForDeploymentPostprocessing = 0;
		};
/* End PBXSourcesBuildPhase section */

/* Begin PBXTargetDependency section */
		2656835B24BF3E37005D1430 /* PBXTargetDependency */ = {
			isa = PBXTargetDependency;
			target = 2656834224BF3E36005D1430 /* iOS Assignment 1 */;
			targetProxy = 2656835A24BF3E37005D1430 /* PBXContainerItemProxy */;
		};
		2656836624BF3E37005D1430 /* PBXTargetDependency */ = {
			isa = PBXTargetDependency;
			target = 2656834224BF3E36005D1430 /* iOS Assignment 1 */;
			targetProxy = 2656836524BF3E37005D1430 /* PBXContainerItemProxy */;
		};
/* End PBXTargetDependency section */

/* Begin PBXVariantGroup section */
		2656834C24BF3E36005D1430 /* Main.storyboard */ = {
			isa = PBXVariantGroup;
			children = (
				2656834D24BF3E36005D1430 /* Base */,
			);
			name = Main.storyboard;
			sourceTree = "<group>";
		};
		2656835124BF3E37005D1430 /* LaunchScreen.storyboard */ = {
			isa = PBXVariantGroup;
			children = (
				2656835224BF3E37005D1430 /* Base */,
			);
			name = LaunchScreen.storyboard;
			sourceTree = "<group>";
		};
/* End PBXVariantGroup section */

/* Begin XCBuildConfiguration section */
		2656836B24BF3E37005D1430 /* Debug */ = {
			isa = XCBuildConfiguration;
			buildSettings = {
				ALWAYS_SEARCH_USER_PATHS = NO;
				CLANG_ANALYZER_NONNULL = YES;
				CLANG_ANALYZER_NUMBER_OBJECT_CONVERSION = YES_AGGRESSIVE;
				CLANG_CXX_LANGUAGE_STANDARD = "gnu++14";
				CLANG_CXX_LIBRARY = "libc++";
				CLANG_ENABLE_MODULES = YES;
				CLANG_ENABLE_OBJC_ARC = YES;
				CLANG_ENABLE_OBJC_WEAK = YES;
				CLANG_WARN_BLOCK_CAPTURE_AUTORELEASING = YES;
				CLANG_WARN_BOOL_CONVERSION = YES;
				CLANG_WARN_COMMA = YES;
				CLANG_WARN_CONSTANT_CONVERSION = YES;
				CLANG_WARN_DEPRECATED_OBJC_IMPLEMENTATIONS = YES;
				CLANG_WARN_DIRECT_OBJC_ISA_USAGE = YES_ERROR;
				CLANG_WARN_DOCUMENTATION_COMMENTS = YES;
				CLANG_WARN_EMPTY_BODY = YES;
				CLANG_WARN_ENUM_CONVERSION = YES;
				CLANG_WARN_INFINITE_RECURSION = YES;
				CLANG_WARN_INT_CONVERSION = YES;
				CLANG_WARN_NON_LITERAL_NULL_CONVERSION = YES;
				CLANG_WARN_OBJC_IMPLICIT_RETAIN_SELF = YES;
				CLANG_WARN_OBJC_LITERAL_CONVERSION = YES;
				CLANG_WARN_OBJC_ROOT_CLASS = YES_ERROR;
				CLANG_WARN_RANGE_LOOP_ANALYSIS = YES;
				CLANG_WARN_STRICT_PROTOTYPES = YES;
				CLANG_WARN_SUSPICIOUS_MOVE = YES;
				CLANG_WARN_UNGUARDED_AVAILABILITY = YES_AGGRESSIVE;
				CLANG_WARN_UNREACHABLE_CODE = YES;
				CLANG_WARN__DUPLICATE_METHOD_MATCH = YES;
				COPY_PHASE_STRIP = NO;
				DEBUG_INFORMATION_FORMAT = dwarf;
				ENABLE_STRICT_OBJC_MSGSEND = YES;
				ENABLE_TESTABILITY = YES;
				GCC_C_LANGUAGE_STANDARD = gnu11;
				GCC_DYNAMIC_NO_PIC = NO;
				GCC_NO_COMMON_BLOCKS = YES;
				GCC_OPTIMIZATION_LEVEL = 0;
				GCC_PREPROCESSOR_DEFINITIONS = (
					"DEBUG=1",
					"$(inherited)",
				);
				GCC_WARN_64_TO_32_BIT_CONVERSION = YES;
				GCC_WARN_ABOUT_RETURN_TYPE = YES_ERROR;
				GCC_WARN_UNDECLARED_SELECTOR = YES;
				GCC_WARN_UNINITIALIZED_AUTOS = YES_AGGRESSIVE;
				GCC_WARN_UNUSED_FUNCTION = YES;
				GCC_WARN_UNUSED_VARIABLE = YES;
				IPHONEOS_DEPLOYMENT_TARGET = 13.5;
				MTL_ENABLE_DEBUG_INFO = INCLUDE_SOURCE;
				MTL_FAST_MATH = YES;
				ONLY_ACTIVE_ARCH = YES;
				SDKROOT = iphoneos;
				SWIFT_ACTIVE_COMPILATION_CONDITIONS = DEBUG;
				SWIFT_OPTIMIZATION_LEVEL = "-Onone";
			};
			name = Debug;
		};
		2656836C24BF3E37005D1430 /* Release */ = {
			isa = XCBuildConfiguration;
			buildSettings = {
				ALWAYS_SEARCH_USER_PATHS = NO;
				CLANG_ANALYZER_NONNULL = YES;
				CLANG_ANALYZER_NUMBER_OBJECT_CONVERSION = YES_AGGRESSIVE;
				CLANG_CXX_LANGUAGE_STANDARD = "gnu++14";
				CLANG_CXX_LIBRARY = "libc++";
				CLANG_ENABLE_MODULES = YES;
				CLANG_ENABLE_OBJC_ARC = YES;
				CLANG_ENABLE_OBJC_WEAK = YES;
				CLANG_WARN_BLOCK_CAPTURE_AUTORELEASING = YES;
				CLANG_WARN_BOOL_CONVERSION = YES;
				CLANG_WARN_COMMA = YES;
				CLANG_WARN_CONSTANT_CONVERSION = YES;
				CLANG_WARN_DEPRECATED_OBJC_IMPLEMENTATIONS = YES;
				CLANG_WARN_DIRECT_OBJC_ISA_USAGE = YES_ERROR;
				CLANG_WARN_DOCUMENTATION_COMMENTS = YES;
				CLANG_WARN_EMPTY_BODY = YES;
				CLANG_WARN_ENUM_CONVERSION = YES;
				CLANG_WARN_INFINITE_RECURSION = YES;
				CLANG_WARN_INT_CONVERSION = YES;
				CLANG_WARN_NON_LITERAL_NULL_CONVERSION = YES;
				CLANG_WARN_OBJC_IMPLICIT_RETAIN_SELF = YES;
				CLANG_WARN_OBJC_LITERAL_CONVERSION = YES;
				CLANG_WARN_OBJC_ROOT_CLASS = YES_ERROR;
				CLANG_WARN_RANGE_LOOP_ANALYSIS = YES;
				CLANG_WARN_STRICT_PROTOTYPES = YES;
				CLANG_WARN_SUSPICIOUS_MOVE = YES;
				CLANG_WARN_UNGUARDED_AVAILABILITY = YES_AGGRESSIVE;
				CLANG_WARN_UNREACHABLE_CODE = YES;
				CLANG_WARN__DUPLICATE_METHOD_MATCH = YES;
				COPY_PHASE_STRIP = NO;
				DEBUG_INFORMATION_FORMAT = "dwarf-with-dsym";
				ENABLE_NS_ASSERTIONS = NO;
				ENABLE_STRICT_OBJC_MSGSEND = YES;
				GCC_C_LANGUAGE_STANDARD = gnu11;
				GCC_NO_COMMON_BLOCKS = YES;
				GCC_WARN_64_TO_32_BIT_CONVERSION = YES;
				GCC_WARN_ABOUT_RETURN_TYPE = YES_ERROR;
				GCC_WARN_UNDECLARED_SELECTOR = YES;
				GCC_WARN_UNINITIALIZED_AUTOS = YES_AGGRESSIVE;
				GCC_WARN_UNUSED_FUNCTION = YES;
				GCC_WARN_UNUSED_VARIABLE = YES;
				IPHONEOS_DEPLOYMENT_TARGET = 13.5;
				MTL_ENABLE_DEBUG_INFO = NO;
				MTL_FAST_MATH = YES;
				SDKROOT = iphoneos;
				SWIFT_COMPILATION_MODE = wholemodule;
				SWIFT_OPTIMIZATION_LEVEL = "-O";
				VALIDATE_PRODUCT = YES;
			};
			name = Release;
		};
		2656836E24BF3E37005D1430 /* Debug */ = {
			isa = XCBuildConfiguration;
			buildSettings = {
				ASSETCATALOG_COMPILER_APPICON_NAME = AppIcon;
				CODE_SIGN_STYLE = Automatic;
				INFOPLIST_FILE = "iOS Assignment 1/Info.plist";
				LD_RUNPATH_SEARCH_PATHS = (
					"$(inherited)",
					"@executable_path/Frameworks",
				);
				PRODUCT_BUNDLE_IDENTIFIER = "com.treCoops.iOS-Assignment-1";
				PRODUCT_NAME = "$(TARGET_NAME)";
				SWIFT_VERSION = 5.0;
				TARGETED_DEVICE_FAMILY = "1,2";
			};
			name = Debug;
		};
		2656836F24BF3E37005D1430 /* Release */ = {
			isa = XCBuildConfiguration;
			buildSettings = {
				ASSETCATALOG_COMPILER_APPICON_NAME = AppIcon;
				CODE_SIGN_STYLE = Automatic;
				INFOPLIST_FILE = "iOS Assignment 1/Info.plist";
				LD_RUNPATH_SEARCH_PATHS = (
					"$(inherited)",
					"@executable_path/Frameworks",
				);
				PRODUCT_BUNDLE_IDENTIFIER = "com.treCoops.iOS-Assignment-1";
				PRODUCT_NAME = "$(TARGET_NAME)";
				SWIFT_VERSION = 5.0;
				TARGETED_DEVICE_FAMILY = "1,2";
			};
			name = Release;
		};
		2656837124BF3E37005D1430 /* Debug */ = {
			isa = XCBuildConfiguration;
			buildSettings = {
				ALWAYS_EMBED_SWIFT_STANDARD_LIBRARIES = YES;
				BUNDLE_LOADER = "$(TEST_HOST)";
				CODE_SIGN_STYLE = Automatic;
				INFOPLIST_FILE = "iOS Assignment 1Tests/Info.plist";
				IPHONEOS_DEPLOYMENT_TARGET = 13.5;
				LD_RUNPATH_SEARCH_PATHS = (
					"$(inherited)",
					"@executable_path/Frameworks",
					"@loader_path/Frameworks",
				);
				PRODUCT_BUNDLE_IDENTIFIER = "com.treCoops.iOS-Assignment-1Tests";
				PRODUCT_NAME = "$(TARGET_NAME)";
				SWIFT_VERSION = 5.0;
				TARGETED_DEVICE_FAMILY = "1,2";
				TEST_HOST = "$(BUILT_PRODUCTS_DIR)/iOS Assignment 1.app/iOS Assignment 1";
			};
			name = Debug;
		};
		2656837224BF3E37005D1430 /* Release */ = {
			isa = XCBuildConfiguration;
			buildSettings = {
				ALWAYS_EMBED_SWIFT_STANDARD_LIBRARIES = YES;
				BUNDLE_LOADER = "$(TEST_HOST)";
				CODE_SIGN_STYLE = Automatic;
				INFOPLIST_FILE = "iOS Assignment 1Tests/Info.plist";
				IPHONEOS_DEPLOYMENT_TARGET = 13.5;
				LD_RUNPATH_SEARCH_PATHS = (
					"$(inherited)",
					"@executable_path/Frameworks",
					"@loader_path/Frameworks",
				);
				PRODUCT_BUNDLE_IDENTIFIER = "com.treCoops.iOS-Assignment-1Tests";
				PRODUCT_NAME = "$(TARGET_NAME)";
				SWIFT_VERSION = 5.0;
				TARGETED_DEVICE_FAMILY = "1,2";
				TEST_HOST = "$(BUILT_PRODUCTS_DIR)/iOS Assignment 1.app/iOS Assignment 1";
			};
			name = Release;
		};
		2656837424BF3E37005D1430 /* Debug */ = {
			isa = XCBuildConfiguration;
			buildSettings = {
				ALWAYS_EMBED_SWIFT_STANDARD_LIBRARIES = YES;
				CODE_SIGN_STYLE = Automatic;
				INFOPLIST_FILE = "iOS Assignment 1UITests/Info.plist";
				LD_RUNPATH_SEARCH_PATHS = (
					"$(inherited)",
					"@executable_path/Frameworks",
					"@loader_path/Frameworks",
				);
				PRODUCT_BUNDLE_IDENTIFIER = "com.treCoops.iOS-Assignment-1UITests";
				PRODUCT_NAME = "$(TARGET_NAME)";
				SWIFT_VERSION = 5.0;
				TARGETED_DEVICE_FAMILY = "1,2";
				TEST_TARGET_NAME = "iOS Assignment 1";
			};
			name = Debug;
		};
		2656837524BF3E37005D1430 /* Release */ = {
			isa = XCBuildConfiguration;
			buildSettings = {
				ALWAYS_EMBED_SWIFT_STANDARD_LIBRARIES = YES;
				CODE_SIGN_STYLE = Automatic;
				INFOPLIST_FILE = "iOS Assignment 1UITests/Info.plist";
				LD_RUNPATH_SEARCH_PATHS = (
					"$(inherited)",
					"@executable_path/Frameworks",
					"@loader_path/Frameworks",
				);
				PRODUCT_BUNDLE_IDENTIFIER = "com.treCoops.iOS-Assignment-1UITests";
				PRODUCT_NAME = "$(TARGET_NAME)";
				SWIFT_VERSION = 5.0;
				TARGETED_DEVICE_FAMILY = "1,2";
				TEST_TARGET_NAME = "iOS Assignment 1";
			};
			name = Release;
		};
/* End XCBuildConfiguration section */

/* Begin XCConfigurationList section */
		2656833E24BF3E36005D1430 /* Build configuration list for PBXProject "iOS Assignment 1" */ = {
			isa = XCConfigurationList;
			buildConfigurations = (
				2656836B24BF3E37005D1430 /* Debug */,
				2656836C24BF3E37005D1430 /* Release */,
			);
			defaultConfigurationIsVisible = 0;
			defaultConfigurationName = Release;
		};
		2656836D24BF3E37005D1430 /* Build configuration list for PBXNativeTarget "iOS Assignment 1" */ = {
			isa = XCConfigurationList;
			buildConfigurations = (
				2656836E24BF3E37005D1430 /* Debug */,
				2656836F24BF3E37005D1430 /* Release */,
			);
			defaultConfigurationIsVisible = 0;
			defaultConfigurationName = Release;
		};
		2656837024BF3E37005D1430 /* Build configuration list for PBXNativeTarget "iOS Assignment 1Tests" */ = {
			isa = XCConfigurationList;
			buildConfigurations = (
				2656837124BF3E37005D1430 /* Debug */,
				2656837224BF3E37005D1430 /* Release */,
			);
			defaultConfigurationIsVisible = 0;
			defaultConfigurationName = Release;
		};
		2656837324BF3E37005D1430 /* Build configuration list for PBXNativeTarget "iOS Assignment 1UITests" */ = {
			isa = XCConfigurationList;
			buildConfigurations = (
				2656837424BF3E37005D1430 /* Debug */,
				2656837524BF3E37005D1430 /* Release */,
			);
			defaultConfigurationIsVisible = 0;
			defaultConfigurationName = Release;
		};
/* End XCConfigurationList section */
	};
	rootObject = 2656833B24BF3E36005D1430 /* Project object */;
}
